
Microsoft Visual Studio Solution File, Format Version 12.00
# Visual Studio 15
VisualStudioVersion = 15.0.28307.329
MinimumVisualStudioVersion = 10.0.40219.1
Project("{FAE04EC0-301F-11D3-BF4B-00C04F79EFBC}") = "SendObjectClient", "SendObjectClient\SendObjectClient.csproj", "{80B06723-C3E9-431B-BB8A-C3D6ABE1D5CE}"
EndProject
Global
	GlobalSection(SolutionConfigurationPlatforms) = preSolution
		Debug|Any CPU = Debug|Any CPU
		Release|Any CPU = Release|Any CPU
	EndGlobalSection
	GlobalSection(ProjectConfigurationPlatforms) = postSolution
		{80B06723-C3E9-431B-BB8A-C3D6ABE1D5CE}.Debug|Any CPU.ActiveCfg = Debug|Any CPU
		{80B06723-C3E9-431B-BB8A-C3D6ABE1D5CE}.Debug|Any CPU.Build.0 = Debug|Any CPU
		{80B06723-C3E9-431B-BB8A-C3D6ABE1D5CE}.Release|Any CPU.ActiveCfg = Release|Any CPU
		{80B06723-C3E9-431B-BB8A-C3D6ABE1D5CE}.Release|Any CPU.Build.0 = Release|Any CPU
	EndGlobalSection
	GlobalSection(SolutionProperties) = preSolution
		HideSolutionNode = FALSE
	EndGlobalSection
	GlobalSection(ExtensibilityGlobals) = postSolution
		SolutionGuid = {F84A1DCC-384B-493C-BCB9-0AA3B5130765}
	EndGlobalSection
EndGlobal
